<?xml version="1.0" encoding="utf-8"?>
<Project ToolsVersion="4.0" xmlns="http://schemas.microsoft.com/developer/msbuild/2003">
  <ItemGroup>
    <Filter Include="0_Source Files">
      <UniqueIdentifier>{4FC737F1-C7A5-4376-A066-2A32D752A2FF}</UniqueIdentifier>
      <Extensions>cpp;c;cc;cxx;c++;cppm;ixx;def;odl;idl;hpj;bat;asm;asmx</Extensions>
    </Filter>
    <Filter Include="1_Lógica">
      <UniqueIdentifier>{0476e130-29f1-45b0-80bb-e785c01104be}</UniqueIdentifier>
    </Filter>
    <Filter Include="2_Graficos">
      <UniqueIdentifier>{e371ce88-681a-4e4e-8076-01bf3297903f}</UniqueIdentifier>
    </Filter>
    <Filter Include="3_Menus_Máquina_Estados">
      <UniqueIdentifier>{96ecbd39-8230-4c2a-a9ad-176a1265cfaf}</UniqueIdentifier>
    </Filter>
    <Filter Include="4_Redes">
      <UniqueIdentifier>{111fe1f2-6b2f-4336-ab55-3e6222b1ea6e}</UniqueIdentifier>
    </Filter>
    <Filter Include="5_Sonido">
      <UniqueIdentifier>{1aafc807-a383-4521-a1e6-3d1d857e4c55}</UniqueIdentifier>
    </Filter>
    <Filter Include="3_Menus_Máquina_Estados\Resource Files">
      <UniqueIdentifier>{d76c3f2e-4d58-4f2c-a70e-ea1606518c53}</UniqueIdentifier>
    </Filter>
    <Filter Include="4_Redes\Resource Files">
      <UniqueIdentifier>{f3aa58ba-af9a-4a52-b015-a1e16ca457e0}</UniqueIdentifier>
    </Filter>
    <Filter Include="5_Sonido\Resource Files">
      <UniqueIdentifier>{aba2526c-0773-41b1-aaa0-c54561acc8a3}</UniqueIdentifier>
    </Filter>
    <Filter Include="3_Menus_Máquina_Estados\Header Files">
      <UniqueIdentifier>{7d9c245b-ec88-41ca-a930-421534edef6e}</UniqueIdentifier>
    </Filter>
    <Filter Include="4_Redes\Header Files">
      <UniqueIdentifier>{0e8a6bd0-47a1-40a2-824c-3ff2625cef8c}</UniqueIdentifier>
    </Filter>
    <Filter Include="5_Sonido\Header Files">
      <UniqueIdentifier>{2f236604-69c4-4aba-bd53-d2bcbe36eb7b}</UniqueIdentifier>
    </Filter>
    <Filter Include="2_Graficos\1_Consola">
      <UniqueIdentifier>{82776ae9-0094-48d8-8ff0-53bdf373b561}</UniqueIdentifier>
    </Filter>
    <Filter Include="2_Graficos\1_Consola\Header Files">
      <UniqueIdentifier>{8ba588aa-61f8-452c-ba15-6f3143f03be2}</UniqueIdentifier>
    </Filter>
    <Filter Include="2_Graficos\1_Consola\Resource Files">
      <UniqueIdentifier>{85ffcf83-dc06-4ee4-9d92-4dc37c8f054b}</UniqueIdentifier>
    </Filter>
    <Filter Include="2_Graficos\0_Glut">
      <UniqueIdentifier>{a8ac46ba-b72d-4467-80c4-2ebedb3bc180}</UniqueIdentifier>
    </Filter>
    <Filter Include="2_Graficos\0_Glut\Resource FIles">
      <UniqueIdentifier>{8617c2e6-5a6c-4fe7-96b7-aac117b1f893}</UniqueIdentifier>
    </Filter>
    <Filter Include="2_Graficos\0_Glut\Header Files">
      <UniqueIdentifier>{944cdfb4-f9d3-49c7-a68a-f950046343ce}</UniqueIdentifier>
    </Filter>
    <Filter Include="1_Lógica\0_Resource Files">
      <UniqueIdentifier>{e4bece3b-8506-4749-a4b2-678186ab8e5c}</UniqueIdentifier>
    </Filter>
    <Filter Include="1_Lógica\0_Header Files">
      <UniqueIdentifier>{8b59940e-313e-4a22-9fed-f1b4ebfe02e7}</UniqueIdentifier>
    </Filter>
    <Filter Include="1_Lógica\Piezas">
      <UniqueIdentifier>{7fb223d9-39c1-40ec-b77f-b07f9d8a13b9}</UniqueIdentifier>
    </Filter>
    <Filter Include="1_Lógica\Piezas\Header Files">
      <UniqueIdentifier>{93995380-89BD-4b04-88EB-625FBE52EBFB}</UniqueIdentifier>
      <Extensions>h;hh;hpp;hxx;h++;hm;inl;inc;ipp;xsd</Extensions>
    </Filter>
    <Filter Include="1_Lógica\Piezas\Resource Files">
      <UniqueIdentifier>{67DA6AB6-F800-4c08-8B7A-83BB121AAD01}</UniqueIdentifier>
      <Extensions>rc;ico;cur;bmp;dlg;rc2;rct;bin;rgs;gif;jpg;jpeg;jpe;resx;tiff;tif;png;wav;mfcribbon-ms</Extensions>
    </Filter>
    <Filter Include="6_Ficheros">
      <UniqueIdentifier>{9f02ad3a-0d33-4972-b2c8-2a6a041db792}</UniqueIdentifier>
    </Filter>
    <Filter Include="6_Ficheros\Header Files">
      <UniqueIdentifier>{8e7451da-08f7-4980-b137-a2969e161e20}</UniqueIdentifier>
    </Filter>
    <Filter Include="6_Ficheros\Source Files">
      <UniqueIdentifier>{ac32f608-5d48-4cec-acfa-de999c37445f}</UniqueIdentifier>
    </Filter>
  </ItemGroup>
  <ItemGroup>
    <ClInclude Include="src\Caballo.h">
      <Filter>1_Lógica\Piezas\Header Files</Filter>
    </ClInclude>
    <ClInclude Include="src\Alfil.h">
      <Filter>1_Lógica\Piezas\Header Files</Filter>
    </ClInclude>
    <ClInclude Include="src\Dama.h">
      <Filter>1_Lógica\Piezas\Header Files</Filter>
    </ClInclude>
    <ClInclude Include="src\DatosClavada.h">
      <Filter>1_Lógica\0_Header Files</Filter>
    </ClInclude>
    <ClInclude Include="src\DatosBloqueoJaque.h">
      <Filter>1_Lógica\0_Header Files</Filter>
    </ClInclude>
    <ClInclude Include="src\IA.h">
      <Filter>1_Lógica\0_Header Files</Filter>
    </ClInclude>
    <ClInclude Include="src\InfoTablas.h">
      <Filter>1_Lógica\0_Header Files</Filter>
    </ClInclude>
    <ClInclude Include="src\MotorDeJuego.h">
      <Filter>1_Lógica\0_Header Files</Filter>
    </ClInclude>
    <ClInclude Include="src\Movimiento.h">
      <Filter>1_Lógica\0_Header Files</Filter>
    </ClInclude>
    <ClInclude Include="src\Peon.h">
      <Filter>1_Lógica\Piezas\Header Files</Filter>
    </ClInclude>
    <ClInclude Include="src\Pieza.h">
      <Filter>1_Lógica\Piezas\Header Files</Filter>
    </ClInclude>
    <ClInclude Include="src\Posicion.h">
      <Filter>1_Lógica\0_Header Files</Filter>
    </ClInclude>
    <ClInclude Include="src\Rey.h">
      <Filter>1_Lógica\Piezas\Header Files</Filter>
    </ClInclude>
    <ClInclude Include="src\Tablero.h">
      <Filter>1_Lógica\0_Header Files</Filter>
    </ClInclude>
    <ClInclude Include="src\Torre.h">
      <Filter>1_Lógica\Piezas\Header Files</Filter>
    </ClInclude>
    <ClInclude Include="src\Callbacks.h">
      <Filter>2_Graficos\0_Glut\Header Files</Filter>
    </ClInclude>
    <ClInclude Include="src\Camara.h">
      <Filter>2_Graficos\0_Glut\Header Files</Filter>
    </ClInclude>
    <ClInclude Include="src\CoordinadorAjedrez.h">
      <Filter>3_Menus_Máquina_Estados\Header Files</Filter>
    </ClInclude>
    <ClInclude Include="src\Entity.h">
      <Filter>2_Graficos\0_Glut\Header Files</Filter>
    </ClInclude>
    <ClInclude Include="src\Modelo.h">
      <Filter>2_Graficos\0_Glut\Header Files</Filter>
    </ClInclude>
    <ClInclude Include="src\Mundo.h">
      <Filter>2_Graficos\0_Glut\Header Files</Filter>
    </ClInclude>
    <ClInclude Include="src\Plane.h">
      <Filter>2_Graficos\0_Glut\Header Files</Filter>
    </ClInclude>
    <ClInclude Include="src\SalidasConsola.h">
      <Filter>2_Graficos\1_Consola\Header Files</Filter>
    </ClInclude>
    <ClInclude Include="src\Globals.h">
      <Filter>2_Graficos\0_Glut\Header Files</Filter>
    </ClInclude>
    <ClInclude Include="src\Casilla.h">
      <Filter>2_Graficos\0_Glut\Header Files</Filter>
    </ClInclude>
    <ClInclude Include="src\Sonidos.h">
      <Filter>5_Sonido\Header Files</Filter>
    </ClInclude>
    <ClInclude Include="src\Punto.h">
      <Filter>3_Menus_Máquina_Estados\Header Files</Filter>
    </ClInclude>
    <ClInclude Include="src\Caja.h">
      <Filter>3_Menus_Máquina_Estados\Header Files</Filter>
    </ClInclude>
    <ClInclude Include="src\UI.h">
      <Filter>3_Menus_Máquina_Estados\Header Files</Filter>
    </ClInclude>
    <ClInclude Include="src\Socket.h">
      <Filter>4_Redes\Header Files</Filter>
    </ClInclude>
    <ClInclude Include="src\Servidor.h">
      <Filter>4_Redes\Header Files</Filter>
    </ClInclude>
    <ClInclude Include="src\Cliente.h">
      <Filter>4_Redes\Header Files</Filter>
    </ClInclude>
  </ItemGroup>
  <ItemGroup>
    <ClCompile Include="src\Caballo.cpp">
      <Filter>1_Lógica\Piezas\Resource Files</Filter>
    </ClCompile>
    <ClCompile Include="src\Alfil.cpp">
      <Filter>1_Lógica\Piezas\Resource Files</Filter>
    </ClCompile>
    <ClCompile Include="src\Dama.cpp">
      <Filter>1_Lógica\Piezas\Resource Files</Filter>
    </ClCompile>
    <ClCompile Include="src\IA.cpp">
      <Filter>1_Lógica\0_Resource Files</Filter>
    </ClCompile>
    <ClCompile Include="src\InfoTablas.cpp">
      <Filter>1_Lógica\0_Resource Files</Filter>
    </ClCompile>
    <ClCompile Include="src\main.cpp">
      <Filter>0_Source Files</Filter>
    </ClCompile>
    <ClCompile Include="src\MotorDeJuego.cpp">
      <Filter>1_Lógica\0_Resource Files</Filter>
    </ClCompile>
    <ClCompile Include="src\Peon.cpp">
      <Filter>1_Lógica\Piezas\Resource Files</Filter>
    </ClCompile>
    <ClCompile Include="src\Pieza.cpp">
      <Filter>1_Lógica\Piezas\Resource Files</Filter>
    </ClCompile>
    <ClCompile Include="src\Rey.cpp">
      <Filter>1_Lógica\Piezas\Resource Files</Filter>
    </ClCompile>
    <ClCompile Include="src\Tablero.cpp">
      <Filter>1_Lógica\0_Resource Files</Filter>
    </ClCompile>
    <ClCompile Include="src\Torre.cpp">
      <Filter>1_Lógica\Piezas\Resource Files</Filter>
    </ClCompile>
    <ClCompile Include="src\Callbacks.cpp">
      <Filter>2_Graficos\0_Glut\Resource FIles</Filter>
    </ClCompile>
    <ClCompile Include="src\Camara.cpp">
      <Filter>2_Graficos\0_Glut\Resource FIles</Filter>
    </ClCompile>
    <ClCompile Include="src\CoordinadorAjedrez.cpp">
      <Filter>3_Menus_Máquina_Estados\Resource Files</Filter>
    </ClCompile>
    <ClCompile Include="src\Entity.cpp">
      <Filter>2_Graficos\0_Glut\Resource FIles</Filter>
    </ClCompile>
    <ClCompile Include="src\Modelo.cpp">
      <Filter>2_Graficos\0_Glut\Resource FIles</Filter>
    </ClCompile>
    <ClCompile Include="src\Mundo.cpp">
      <Filter>2_Graficos\0_Glut\Resource FIles</Filter>
    </ClCompile>
    <ClCompile Include="src\Plane.cpp">
      <Filter>2_Graficos\0_Glut\Resource FIles</Filter>
    </ClCompile>
    <ClCompile Include="src\SalidasConsola.cpp">
      <Filter>2_Graficos\1_Consola\Resource Files</Filter>
    </ClCompile>
    <ClCompile Include="src\Globals.cpp">
      <Filter>2_Graficos\0_Glut\Resource FIles</Filter>
    </ClCompile>
    <ClCompile Include="src\Sonidos.cpp">
      <Filter>5_Sonido\Resource Files</Filter>
    </ClCompile>
    <ClCompile Include="src\Caja.cpp">
      <Filter>3_Menus_Máquina_Estados\Resource Files</Filter>
    </ClCompile>
    <ClCompile Include="src\UI.cpp">
      <Filter>3_Menus_Máquina_Estados\Resource Files</Filter>
    </ClCompile>
    <ClCompile Include="src\Socket.cpp">
      <Filter>4_Redes\Resource Files</Filter>
    </ClCompile>
    <ClCompile Include="src\Servidor.cpp">
      <Filter>4_Redes\Resource Files</Filter>
    </ClCompile>
    <ClCompile Include="src\Cliente.cpp">
      <Filter>4_Redes\Resource Files</Filter>
    </ClCompile>
  </ItemGroup>
</Project>